{
  "name": "contracts",
  "lockfileVersion": 2,
  "requires": true,
  "packages": {
    "": {
      "dependencies": {
        "@epilog/epilog": "file:../epilogjs"
      }
    },
    "../epilogjs": {
      "version": "1.1.0",
      "dependencies": {
        "yargs": "^17.6.1"
      },
      "bin": {
        "epilog": "dist/cjs/cli.js"
      },
      "devDependencies": {
        "eslint": "^8.23.1",
        "typescript": "^4.8.3"
      }
    },
    "node_modules/@epilog/epilog": {
      "resolved": "../epilogjs",
      "link": true
    }
  },
  "dependencies": {
    "@epilog/epilog": {
      "version": "file:../epilogjs",
      "requires": {
        "eslint": "^8.23.1",
        "typescript": "^4.8.3",
        "yargs": "^17.6.1"
      }
    }
  }
}
